
Microsoft Visual Studio Solution File, Format Version 12.00
# Visual Studio Version 17
VisualStudioVersion = 17.1.32210.238
MinimumVisualStudioVersion = 10.0.40219.1
Project("{FAE04EC0-301F-11D3-BF4B-00C04F79EFBC}") = "GlanApp", "GlanApp\GlanApp.csproj", "{4ACCCFB5-D82A-4C0F-8ACB-1E16F387BE07}"
EndProject
Global
	GlobalSection(SolutionConfigurationPlatforms) = preSolution
		Debug|Any CPU = Debug|Any CPU
		Release|Any CPU = Release|Any CPU
	EndGlobalSection
	GlobalSection(ProjectConfigurationPlatforms) = postSolution
		{4ACCCFB5-D82A-4C0F-8ACB-1E16F387BE07}.Debug|Any CPU.ActiveCfg = Debug|Any CPU
		{4ACCCFB5-D82A-4C0F-8ACB-1E16F387BE07}.Debug|Any CPU.Build.0 = Debug|Any CPU
		{4ACCCFB5-D82A-4C0F-8ACB-1E16F387BE07}.Release|Any CPU.ActiveCfg = Release|Any CPU
		{4ACCCFB5-D82A-4C0F-8ACB-1E16F387BE07}.Release|Any CPU.Build.0 = Release|Any CPU
	EndGlobalSection
	GlobalSection(SolutionProperties) = preSolution
		HideSolutionNode = FALSE
	EndGlobalSection
	GlobalSection(ExtensibilityGlobals) = postSolution
		SolutionGuid = {85C5F830-6BFF-4F16-9177-0B95E6A037C8}
	EndGlobalSection
EndGlobal
